
Microsoft Visual Studio Solution File, Format Version 12.00
# Visual Studio Version 16
VisualStudioVersion = 16.0.31702.278
MinimumVisualStudioVersion = 10.0.40219.1
Project("{FAE04EC0-301F-11D3-BF4B-00C04F79EFBC}") = "Book_Server", "Book_Server.csproj", "{1F5CD437-8B84-4143-88F9-B28B593A2876}"
EndProject
Global
	GlobalSection(SolutionConfigurationPlatforms) = preSolution
		Debug|Any CPU = Debug|Any CPU
		Release|Any CPU = Release|Any CPU
	EndGlobalSection
	GlobalSection(ProjectConfigurationPlatforms) = postSolution
		{1F5CD437-8B84-4143-88F9-B28B593A2876}.Debug|Any CPU.ActiveCfg = Debug|Any CPU
		{1F5CD437-8B84-4143-88F9-B28B593A2876}.Debug|Any CPU.Build.0 = Debug|Any CPU
		{1F5CD437-8B84-4143-88F9-B28B593A2876}.Release|Any CPU.ActiveCfg = Release|Any CPU
		{1F5CD437-8B84-4143-88F9-B28B593A2876}.Release|Any CPU.Build.0 = Release|Any CPU
	EndGlobalSection
	GlobalSection(SolutionProperties) = preSolution
		HideSolutionNode = FALSE
	EndGlobalSection
	GlobalSection(ExtensibilityGlobals) = postSolution
		SolutionGuid = {78CC95FB-1D1B-459C-A65A-C8C102100B1E}
	EndGlobalSection
EndGlobal
